
Microsoft Visual Studio Solution File, Format Version 12.00
# Visual Studio Version 17
VisualStudioVersion = 17.2.32630.192
MinimumVisualStudioVersion = 10.0.40219.1
Project("{FAE04EC0-301F-11D3-BF4B-00C04F79EFBC}") = "TravelTripProje", "TravelTripProje\TravelTripProje.csproj", "{0A7C2674-B6EE-4F83-87CB-4B6ECF607319}"
EndProject
Global
	GlobalSection(SolutionConfigurationPlatforms) = preSolution
		Debug|Any CPU = Debug|Any CPU
		Release|Any CPU = Release|Any CPU
	EndGlobalSection
	GlobalSection(ProjectConfigurationPlatforms) = postSolution
		{0A7C2674-B6EE-4F83-87CB-4B6ECF607319}.Debug|Any CPU.ActiveCfg = Debug|Any CPU
		{0A7C2674-B6EE-4F83-87CB-4B6ECF607319}.Debug|Any CPU.Build.0 = Debug|Any CPU
		{0A7C2674-B6EE-4F83-87CB-4B6ECF607319}.Release|Any CPU.ActiveCfg = Release|Any CPU
		{0A7C2674-B6EE-4F83-87CB-4B6ECF607319}.Release|Any CPU.Build.0 = Release|Any CPU
	EndGlobalSection
	GlobalSection(SolutionProperties) = preSolution
		HideSolutionNode = FALSE
	EndGlobalSection
	GlobalSection(ExtensibilityGlobals) = postSolution
		SolutionGuid = {A7EC093C-D1E4-479B-A68F-70E6EA01209C}
	EndGlobalSection
EndGlobal
